
Microsoft Visual Studio Solution File, Format Version 12.00
# Visual Studio Version 17
VisualStudioVersion = 17.9.34622.214
MinimumVisualStudioVersion = 10.0.40219.1
Project("{FAE04EC0-301F-11D3-BF4B-00C04F79EFBC}") = "UpstoxWebsocket", "UpstoxWebsocket\UpstoxWebsocket.csproj", "{D67579F2-869E-4BB4-9074-C54108621554}"
EndProject
Global
	GlobalSection(SolutionConfigurationPlatforms) = preSolution
		Debug|Any CPU = Debug|Any CPU
		Release|Any CPU = Release|Any CPU
	EndGlobalSection
	GlobalSection(ProjectConfigurationPlatforms) = postSolution
		{D67579F2-869E-4BB4-9074-C54108621554}.Debug|Any CPU.ActiveCfg = Debug|Any CPU
		{D67579F2-869E-4BB4-9074-C54108621554}.Debug|Any CPU.Build.0 = Debug|Any CPU
		{D67579F2-869E-4BB4-9074-C54108621554}.Release|Any CPU.ActiveCfg = Release|Any CPU
		{D67579F2-869E-4BB4-9074-C54108621554}.Release|Any CPU.Build.0 = Release|Any CPU
	EndGlobalSection
	GlobalSection(SolutionProperties) = preSolution
		HideSolutionNode = FALSE
	EndGlobalSection
	GlobalSection(ExtensibilityGlobals) = postSolution
		SolutionGuid = {D3FF85E5-0539-4C17-9425-BDB1A557D01B}
	EndGlobalSection
EndGlobal
